
Microsoft Visual Studio Solution File, Format Version 12.00
# Visual Studio 2013
VisualStudioVersion = 12.0.31101.0
MinimumVisualStudioVersion = 10.0.40219.1
Project("{FAE04EC0-301F-11D3-BF4B-00C04F79EFBC}") = "IBTLCompiler", "Compiler\IBTLCompiler.csproj", "{B397CD5B-4C89-437A-8595-61C164C9968D}"
EndProject
Project("{FAE04EC0-301F-11D3-BF4B-00C04F79EFBC}") = "IBTLUnitTests", "IBTLUnitTests\IBTLUnitTests.csproj", "{AA9425B7-A1BB-43BC-9DC5-7AB9800E5186}"
EndProject
Global
	GlobalSection(SolutionConfigurationPlatforms) = preSolution
		Debug|Any CPU = Debug|Any CPU
		Release|Any CPU = Release|Any CPU
	EndGlobalSection
	GlobalSection(ProjectConfigurationPlatforms) = postSolution
		{B397CD5B-4C89-437A-8595-61C164C9968D}.Debug|Any CPU.ActiveCfg = Debug|Any CPU
		{B397CD5B-4C89-437A-8595-61C164C9968D}.Debug|Any CPU.Build.0 = Debug|Any CPU
		{B397CD5B-4C89-437A-8595-61C164C9968D}.Release|Any CPU.ActiveCfg = Release|Any CPU
		{B397CD5B-4C89-437A-8595-61C164C9968D}.Release|Any CPU.Build.0 = Release|Any CPU
		{AA9425B7-A1BB-43BC-9DC5-7AB9800E5186}.Debug|Any CPU.ActiveCfg = Debug|Any CPU
		{AA9425B7-A1BB-43BC-9DC5-7AB9800E5186}.Debug|Any CPU.Build.0 = Debug|Any CPU
		{AA9425B7-A1BB-43BC-9DC5-7AB9800E5186}.Release|Any CPU.ActiveCfg = Release|Any CPU
		{AA9425B7-A1BB-43BC-9DC5-7AB9800E5186}.Release|Any CPU.Build.0 = Release|Any CPU
	EndGlobalSection
	GlobalSection(SolutionProperties) = preSolution
		HideSolutionNode = FALSE
	EndGlobalSection
EndGlobal
